Microsoft Visual Studio Solution File, Format Version 12.00
# Visual Studio Version 17
VisualStudioVersion = 17.5.2.0
MinimumVisualStudioVersion = 10.0.40219.1
Project("{FAE04EC0-301F-11D3-BF4B-00C04F79EFBC}") = "ONCE", "ONCE\ONCE.csproj", "{B46C1FDB-FC93-D3BF-C9C4-29A8C564A9D5}"
EndProject
Global
	GlobalSection(SolutionConfigurationPlatforms) = preSolution
		Debug|Any CPU = Debug|Any CPU
		Release|Any CPU = Release|Any CPU
	EndGlobalSection
	GlobalSection(ProjectConfigurationPlatforms) = postSolution
		{B46C1FDB-FC93-D3BF-C9C4-29A8C564A9D5}.Debug|Any CPU.ActiveCfg = Debug|Any CPU
		{B46C1FDB-FC93-D3BF-C9C4-29A8C564A9D5}.Debug|Any CPU.Build.0 = Debug|Any CPU
		{B46C1FDB-FC93-D3BF-C9C4-29A8C564A9D5}.Release|Any CPU.ActiveCfg = Release|Any CPU
		{B46C1FDB-FC93-D3BF-C9C4-29A8C564A9D5}.Release|Any CPU.Build.0 = Release|Any CPU
	EndGlobalSection
	GlobalSection(SolutionProperties) = preSolution
		HideSolutionNode = FALSE
	EndGlobalSection
	GlobalSection(ExtensibilityGlobals) = postSolution
		SolutionGuid = {E7D4ECA4-62C5-4491-857E-108DBB78C4CB}
	EndGlobalSection
EndGlobal
